
Microsoft Visual Studio Solution File, Format Version 12.00
# Visual Studio Version 17
VisualStudioVersion = 17.4.33205.214
MinimumVisualStudioVersion = 10.0.40219.1
Project("{FAE04EC0-301F-11D3-BF4B-00C04F79EFBC}") = "GeneralDepartmentTerminal", "GeneralDepartmentTerminal\GeneralDepartmentTerminal.csproj", "{EEB27E70-7F16-4560-A1A1-44686C0696C4}"
EndProject
Global
	GlobalSection(SolutionConfigurationPlatforms) = preSolution
		Debug|Any CPU = Debug|Any CPU
		Release|Any CPU = Release|Any CPU
	EndGlobalSection
	GlobalSection(ProjectConfigurationPlatforms) = postSolution
		{EEB27E70-7F16-4560-A1A1-44686C0696C4}.Debug|Any CPU.ActiveCfg = Debug|Any CPU
		{EEB27E70-7F16-4560-A1A1-44686C0696C4}.Debug|Any CPU.Build.0 = Debug|Any CPU
		{EEB27E70-7F16-4560-A1A1-44686C0696C4}.Release|Any CPU.ActiveCfg = Release|Any CPU
		{EEB27E70-7F16-4560-A1A1-44686C0696C4}.Release|Any CPU.Build.0 = Release|Any CPU
	EndGlobalSection
	GlobalSection(SolutionProperties) = preSolution
		HideSolutionNode = FALSE
	EndGlobalSection
	GlobalSection(ExtensibilityGlobals) = postSolution
		SolutionGuid = {C1D201D8-7380-434E-AECF-5865D49F4AC9}
	EndGlobalSection
EndGlobal
